
Microsoft Visual Studio Solution File, Format Version 12.00
# Visual Studio Version 17
VisualStudioVersion = 17.14.37012.4 d17.14
MinimumVisualStudioVersion = 10.0.40219.1
Project("{FAE04EC0-301F-11D3-BF4B-00C04F79EFBC}") = "Smart Travel Planner API", "Smart Travel Planner API\Smart Travel Planner API.csproj", "{01539121-4788-4E0F-AB73-408C9923DA5C}"
EndProject
Global
	GlobalSection(SolutionConfigurationPlatforms) = preSolution
		Debug|Any CPU = Debug|Any CPU
		Release|Any CPU = Release|Any CPU
	EndGlobalSection
	GlobalSection(ProjectConfigurationPlatforms) = postSolution
		{01539121-4788-4E0F-AB73-408C9923DA5C}.Debug|Any CPU.ActiveCfg = Debug|Any CPU
		{01539121-4788-4E0F-AB73-408C9923DA5C}.Debug|Any CPU.Build.0 = Debug|Any CPU
		{01539121-4788-4E0F-AB73-408C9923DA5C}.Release|Any CPU.ActiveCfg = Release|Any CPU
		{01539121-4788-4E0F-AB73-408C9923DA5C}.Release|Any CPU.Build.0 = Release|Any CPU
	EndGlobalSection
	GlobalSection(SolutionProperties) = preSolution
		HideSolutionNode = FALSE
	EndGlobalSection
	GlobalSection(ExtensibilityGlobals) = postSolution
		SolutionGuid = {7B23C01C-1E82-4D7B-8B7A-C7898E36A10A}
	EndGlobalSection
EndGlobal
